// !$*UTF8*$!
{
	archiveVersion = 1;
	classes = {
	};
	objectVersion = 46;
	objects = {

/* Begin PBXBuildFile section */
		1D85E9210094B6D6EDCD1339 /* Pods_DemoTests.framework in Frameworks */ = {isa = PBXBuildFile; fileRef = B1B8BA90D73D2755DCC7EDFE /* Pods_DemoTests.framework */; };
		741CA0B13D35E37F777BADE7 /* Pods_Demo.framework in Frameworks */ = {isa = PBXBuildFile; fileRef = 47347B318DE2258D8FFAD1F0 /* Pods_Demo.framework */; };
		76858B831ACF0BD30065D48F /* AppDelegate.swift in Sources */ = {isa = PBXBuildFile; fileRef = 76858B821ACF0BD30065D48F /* AppDelegate.swift */; };
		76858B851ACF0BD30065D48F /* ViewController.swift in Sources */ = {isa = PBXBuildFile; fileRef = 76858B841ACF0BD30065D48F /* ViewController.swift */; };
		76858B881ACF0BD30065D48F /* Main.storyboard in Resources */ = {isa = PBXBuildFile; fileRef = 76858B861ACF0BD30065D48F /* Main.storyboard */; };
		76858B8A1ACF0BD30065D48F /* Images.xcassets in Resources */ = {isa = PBXBuildFile; fileRef = 76858B891ACF0BD30065D48F /* Images.xcassets */; };
		76858B8D1ACF0BD30065D48F /* LaunchScreen.xib in Resources */ = {isa = PBXBuildFile; fileRef = 76858B8B1ACF0BD30065D48F /* LaunchScreen.xib */; };
		76858BA31ACF0C1A0065D48F /* TimeAgoInWordsSpec.swift in Sources */ = {isa = PBXBuildFile; fileRef = 76858BA21ACF0C1A0065D48F /* TimeAgoInWordsSpec.swift */; };
/* End PBXBuildFile section */

/* Begin PBXContainerItemProxy section */
		76858B931ACF0BD30065D48F /* PBXContainerItemProxy */ = {
			isa = PBXContainerItemProxy;
			containerPortal = 76858B751ACF0BD30065D48F /* Project object */;
			proxyType = 1;
			remoteGlobalIDString = 76858B7C1ACF0BD30065D48F;
			remoteInfo = Demo;
		};
/* End PBXContainerItemProxy section */

/* Begin PBXFileReference section */
		02326283DA460605A30A155E /* Pods-DemoTests.debug.xcconfig */ = {isa = PBXFileReference; includeInIndex = 1; lastKnownFileType = text.xcconfig; name = "Pods-DemoTests.debug.xcconfig"; path = "Pods/Target Support Files/Pods-DemoTests/Pods-DemoTests.debug.xcconfig"; sourceTree = "<group>"; };
		0AC678184D116F7EDF79FDCE /* Pods.framework */ = {isa = PBXFileReference; explicitFileType = wrapper.framework; includeInIndex = 0; path = Pods.framework; sourceTree = BUILT_PRODUCTS_DIR; };
		2BFB1176C3FE60ACD0E2C917 /* Pods-Demo.debug.xcconfig */ = {isa = PBXFileReference; includeInIndex = 1; lastKnownFileType = text.xcconfig; name = "Pods-Demo.debug.xcconfig"; path = "Pods/Target Support Files/Pods-Demo/Pods-Demo.debug.xcconfig"; sourceTree = "<group>"; };
		47347B318DE2258D8FFAD1F0 /* Pods_Demo.framework */ = {isa = PBXFileReference; explicitFileType = wrapper.framework; includeInIndex = 0; path = Pods_Demo.framework; sourceTree = BUILT_PRODUCTS_DIR; };
		76858B7D1ACF0BD30065D48F /* Demo.app */ = {isa = PBXFileReference; explicitFileType = wrapper.application; includeInIndex = 0; path = Demo.app; sourceTree = BUILT_PRODUCTS_DIR; };
		76858B811ACF0BD30065D48F /* Info.plist */ = {isa = PBXFileReference; lastKnownFileType = text.plist.xml; path = Info.plist; sourceTree = "<group>"; };
		76858B821ACF0BD30065D48F /* AppDelegate.swift */ = {isa = PBXFileReference; lastKnownFileType = sourcecode.swift; path = AppDelegate.swift; sourceTree = "<group>"; };
		76858B841ACF0BD30065D48F /* ViewController.swift */ = {isa = PBXFileReference; lastKnownFileType = sourcecode.swift; path = ViewController.swift; sourceTree = "<group>"; };
		76858B871ACF0BD30065D48F /* Base */ = {isa = PBXFileReference; lastKnownFileType = file.storyboard; name = Base; path = Base.lproj/Main.storyboard; sourceTree = "<group>"; };
		76858B891ACF0BD30065D48F /* Images.xcassets */ = {isa = PBXFileReference; lastKnownFileType = folder.assetcatalog; path = Images.xcassets; sourceTree = "<group>"; };
		76858B8C1ACF0BD30065D48F /* Base */ = {isa = PBXFileReference; lastKnownFileType = file.xib; name = Base; path = Base.lproj/LaunchScreen.xib; sourceTree = "<group>"; };
		76858B921ACF0BD30065D48F /* DemoTests.xctest */ = {isa = PBXFileReference; explicitFileType = wrapper.cfbundle; includeInIndex = 0; path = DemoTests.xctest; sourceTree = BUILT_PRODUCTS_DIR; };
		76858B971ACF0BD30065D48F /* Info.plist */ = {isa = PBXFileReference; lastKnownFileType = text.plist.xml; path = Info.plist; sourceTree = "<group>"; };
		76858BA21ACF0C1A0065D48F /* TimeAgoInWordsSpec.swift */ = {isa = PBXFileReference; fileEncoding = 4; lastKnownFileType = sourcecode.swift; path = TimeAgoInWordsSpec.swift; sourceTree = "<group>"; };
		ADA78332F26261F76F2C9B5B /* Pods-DemoTests.release.xcconfig */ = {isa = PBXFileReference; includeInIndex = 1; lastKnownFileType = text.xcconfig; name = "Pods-DemoTests.release.xcconfig"; path = "Pods/Target Support Files/Pods-DemoTests/Pods-DemoTests.release.xcconfig"; sourceTree = "<group>"; };
		B1B8BA90D73D2755DCC7EDFE /* Pods_DemoTests.framework */ = {isa = PBXFileReference; explicitFileType = wrapper.framework; includeInIndex = 0; path = Pods_DemoTests.framework; sourceTree = BUILT_PRODUCTS_DIR; };
		CED1642154E3D66E871C050A /* Pods-Demo.release.xcconfig */ = {isa = PBXFileReference; includeInIndex = 1; lastKnownFileType = text.xcconfig; name = "Pods-Demo.release.xcconfig"; path = "Pods/Target Support Files/Pods-Demo/Pods-Demo.release.xcconfig"; sourceTree = "<group>"; };
/* End PBXFileReference section */

/* Begin PBXFrameworksBuildPhase section */
		76858B7A1ACF0BD30065D48F /* Frameworks */ = {
			isa = PBXFrameworksBuildPhase;
			buildActionMask = 2147483647;
			files = (
				741CA0B13D35E37F777BADE7 /* Pods_Demo.framework in Frameworks */,
			);
			runOnlyForDeploymentPostprocessing = 0;
		};
		76858B8F1ACF0BD30065D48F /* Frameworks */ = {
			isa = PBXFrameworksBuildPhase;
			buildActionMask = 2147483647;
			files = (
				1D85E9210094B6D6EDCD1339 /* Pods_DemoTests.framework in Frameworks */,
			);
			runOnlyForDeploymentPostprocessing = 0;
		};
/* End PBXFrameworksBuildPhase section */

/* Begin PBXGroup section */
		6C15DDD84A46D4DDA141800F /* Frameworks */ = {
			isa = PBXGroup;
			children = (
				0AC678184D116F7EDF79FDCE /* Pods.framework */,
				B1B8BA90D73D2755DCC7EDFE /* Pods_DemoTests.framework */,
				47347B318DE2258D8FFAD1F0 /* Pods_Demo.framework */,
			);
			name = Frameworks;
			sourceTree = "<group>";
		};
		76858B741ACF0BD30065D48F = {
			isa = PBXGroup;
			children = (
				76858B7F1ACF0BD30065D48F /* Demo */,
				76858B951ACF0BD30065D48F /* DemoTests */,
				76858B7E1ACF0BD30065D48F /* Products */,
				6C15DDD84A46D4DDA141800F /* Frameworks */,
				D4DF1AF9227C6440D781A816 /* Pods */,
			);
			sourceTree = "<group>";
		};
		76858B7E1ACF0BD30065D48F /* Products */ = {
			isa = PBXGroup;
			children = (
				76858B7D1ACF0BD30065D48F /* Demo.app */,
				76858B921ACF0BD30065D48F /* DemoTests.xctest */,
			);
			name = Products;
			sourceTree = "<group>";
		};
		76858B7F1ACF0BD30065D48F /* Demo */ = {
			isa = PBXGroup;
			children = (
				76858B821ACF0BD30065D48F /* AppDelegate.swift */,
				76858B841ACF0BD30065D48F /* ViewController.swift */,
				76858B861ACF0BD30065D48F /* Main.storyboard */,
				76858B891ACF0BD30065D48F /* Images.xcassets */,
				76858B8B1ACF0BD30065D48F /* LaunchScreen.xib */,
				76858B801ACF0BD30065D48F /* Supporting Files */,
			);
			path = Demo;
			sourceTree = "<group>";
		};
		76858B801ACF0BD30065D48F /* Supporting Files */ = {
			isa = PBXGroup;
			children = (
				76858B811ACF0BD30065D48F /* Info.plist */,
			);
			name = "Supporting Files";
			sourceTree = "<group>";
		};
		76858B951ACF0BD30065D48F /* DemoTests */ = {
			isa = PBXGroup;
			children = (
				76858BA21ACF0C1A0065D48F /* TimeAgoInWordsSpec.swift */,
				76858B961ACF0BD30065D48F /* Supporting Files */,
			);
			path = DemoTests;
			sourceTree = "<group>";
		};
		76858B961ACF0BD30065D48F /* Supporting Files */ = {
			isa = PBXGroup;
			children = (
				76858B971ACF0BD30065D48F /* Info.plist */,
			);
			name = "Supporting Files";
			sourceTree = "<group>";
		};
		D4DF1AF9227C6440D781A816 /* Pods */ = {
			isa = PBXGroup;
			children = (
				02326283DA460605A30A155E /* Pods-DemoTests.debug.xcconfig */,
				ADA78332F26261F76F2C9B5B /* Pods-DemoTests.release.xcconfig */,
				2BFB1176C3FE60ACD0E2C917 /* Pods-Demo.debug.xcconfig */,
				CED1642154E3D66E871C050A /* Pods-Demo.release.xcconfig */,
			);
			name = Pods;
			sourceTree = "<group>";
		};
/* End PBXGroup section */

/* Begin PBXNativeTarget section */
		76858B7C1ACF0BD30065D48F /* Demo */ = {
			isa = PBXNativeTarget;
			buildConfigurationList = 76858B9C1ACF0BD30065D48F /* Build configuration list for PBXNativeTarget "Demo" */;
			buildPhases = (
				DEF94AE9B37F8F78D0C0447F /* Check Pods Manifest.lock */,
				76858B791ACF0BD30065D48F /* Sources */,
				76858B7A1ACF0BD30065D48F /* Frameworks */,
				76858B7B1ACF0BD30065D48F /* Resources */,
				6D444B2BD0588D6ABC126781 /* Embed Pods Frameworks */,
				28654498C4B65D660CF71362 /* Copy Pods Resources */,
			);
			buildRules = (
			);
			dependencies = (
			);
			name = Demo;
			productName = Demo;
			productReference = 76858B7D1ACF0BD30065D48F /* Demo.app */;
			productType = "com.apple.product-type.application";
		};
		76858B911ACF0BD30065D48F /* DemoTests */ = {
			isa = PBXNativeTarget;
			buildConfigurationList = 76858B9F1ACF0BD30065D48F /* Build configuration list for PBXNativeTarget "DemoTests" */;
			buildPhases = (
				D1F75D9B8D1ADBD0D644EDED /* Check Pods Manifest.lock */,
				76858B8E1ACF0BD30065D48F /* Sources */,
				76858B8F1ACF0BD30065D48F /* Frameworks */,
				76858B901ACF0BD30065D48F /* Resources */,
				5855DD8197C1FF60DDDB8EAC /* Embed Pods Frameworks */,
				1D208FDBE7EED175106CA21F /* Copy Pods Resources */,
			);
			buildRules = (
			);
			dependencies = (
				76858B941ACF0BD30065D48F /* PBXTargetDependency */,
			);
			name = DemoTests;
			productName = DemoTests;
			productReference = 76858B921ACF0BD30065D48F /* DemoTests.xctest */;
			productType = "com.apple.product-type.bundle.unit-test";
		};
/* End PBXNativeTarget section */

/* Begin PBXProject section */
		76858B751ACF0BD30065D48F /* Project object */ = {
			isa = PBXProject;
			attributes = {
				LastSwiftUpdateCheck = 0730;
				LastUpgradeCheck = 0820;
				ORGANIZATIONNAME = Ello;
				TargetAttributes = {
					76858B7C1ACF0BD30065D48F = {
						CreatedOnToolsVersion = 6.3;
						LastSwiftMigration = 0820;
					};
					76858B911ACF0BD30065D48F = {
						CreatedOnToolsVersion = 6.3;
						LastSwiftMigration = 0820;
						TestTargetID = 76858B7C1ACF0BD30065D48F;
					};
				};
			};
			buildConfigurationList = 76858B781ACF0BD30065D48F /* Build configuration list for PBXProject "Demo" */;
			compatibilityVersion = "Xcode 3.2";
			developmentRegion = English;
			hasScannedForEncodings = 0;
			knownRegions = (
				en,
				Base,
			);
			mainGroup = 76858B741ACF0BD30065D48F;
			productRefGroup = 76858B7E1ACF0BD30065D48F /* Products */;
			projectDirPath = "";
			projectRoot = "";
			targets = (
				76858B7C1ACF0BD30065D48F /* Demo */,
				76858B911ACF0BD30065D48F /* DemoTests */,
			);
		};
/* End PBXProject section */

/* Begin PBXResourcesBuildPhase section */
		76858B7B1ACF0BD30065D48F /* Resources */ = {
			isa = PBXResourcesBuildPhase;
			buildActionMask = 2147483647;
			files = (
				76858B881ACF0BD30065D48F /* Main.storyboard in Resources */,
				76858B8D1ACF0BD30065D48F /* LaunchScreen.xib in Resources */,
				76858B8A1ACF0BD30065D48F /* Images.xcassets in Resources */,
			);
			runOnlyForDeploymentPostprocessing = 0;
		};
		76858B901ACF0BD30065D48F /* Resources */ = {
			isa = PBXResourcesBuildPhase;
			buildActionMask = 2147483647;
			files = (
			);
			runOnlyForDeploymentPostprocessing = 0;
		};
/* End PBXResourcesBuildPhase section */

/* Begin PBXShellScriptBuildPhase section */
		1D208FDBE7EED175106CA21F /* Copy Pods Resources */ = {
			isa = PBXShellScriptBuildPhase;
			buildActionMask = 2147483647;
			files = (
			);
			inputPaths = (
			);
			name = "Copy Pods Resources";
			outputPaths = (
			);
			runOnlyForDeploymentPostprocessing = 0;
			shellPath = /bin/sh;
			shellScript = "\"${SRCROOT}/Pods/Target Support Files/Pods-DemoTests/Pods-DemoTests-resources.sh\"\n";
			showEnvVarsInLog = 0;
		};
		28654498C4B65D660CF71362 /* Copy Pods Resources */ = {
			isa = PBXShellScriptBuildPhase;
			buildActionMask = 2147483647;
			files = (
			);
			inputPaths = (
			);
			name = "Copy Pods Resources";
			outputPaths = (
			);
			runOnlyForDeploymentPostprocessing = 0;
			shellPath = /bin/sh;
			shellScript = "\"${SRCROOT}/Pods/Target Support Files/Pods-Demo/Pods-Demo-resources.sh\"\n";
			showEnvVarsInLog = 0;
		};
		5855DD8197C1FF60DDDB8EAC /* Embed Pods Frameworks */ = {
			isa = PBXShellScriptBuildPhase;
			buildActionMask = 2147483647;
			files = (
			);
			inputPaths = (
			);
			name = "Embed Pods Frameworks";
			outputPaths = (
			);
			runOnlyForDeploymentPostprocessing = 0;
			shellPath = /bin/sh;
			shellScript = "\"${SRCROOT}/Pods/Target Support Files/Pods-DemoTests/Pods-DemoTests-frameworks.sh\"\n";
			showEnvVarsInLog = 0;
		};
		6D444B2BD0588D6ABC126781 /* Embed Pods Frameworks */ = {
			isa = PBXShellScriptBuildPhase;
			buildActionMask = 2147483647;
			files = (
			);
			inputPaths = (
			);
			name = "Embed Pods Frameworks";
			outputPaths = (
			);
			runOnlyForDeploymentPostprocessing = 0;
			shellPath = /bin/sh;
			shellScript = "\"${SRCROOT}/Pods/Target Support Files/Pods-Demo/Pods-Demo-frameworks.sh\"\n";
			showEnvVarsInLog = 0;
		};
		D1F75D9B8D1ADBD0D644EDED /* Check Pods Manifest.lock */ = {
			isa = PBXShellScriptBuildPhase;
			buildActionMask = 2147483647;
			files = (
			);
			inputPaths = (
			);
			name = "Check Pods Manifest.lock";
			outputPaths = (
			);
			runOnlyForDeploymentPostprocessing = 0;
			shellPath = /bin/sh;
			shellScript = "diff \"${PODS_ROOT}/../Podfile.lock\" \"${PODS_ROOT}/Manifest.lock\" > /dev/null\nif [[ $? != 0 ]] ; then\n    cat << EOM\nerror: The sandbox is not in sync with the Podfile.lock. Run 'pod install' or update your CocoaPods installation.\nEOM\n    exit 1\nfi\n";
			showEnvVarsInLog = 0;
		};
		DEF94AE9B37F8F78D0C0447F /* Check Pods Manifest.lock */ = {
			isa = PBXShellScriptBuildPhase;
			buildActionMask = 2147483647;
			files = (
			);
			inputPaths = (
			);
			name = "Check Pods Manifest.lock";
			outputPaths = (
			);
			runOnlyForDeploymentPostprocessing = 0;
			shellPath = /bin/sh;
			shellScript = "diff \"${PODS_ROOT}/../Podfile.lock\" \"${PODS_ROOT}/Manifest.lock\" > /dev/null\nif [[ $? != 0 ]] ; then\n    cat << EOM\nerror: The sandbox is not in sync with the Podfile.lock. Run 'pod install' or update your CocoaPods installation.\nEOM\n    exit 1\nfi\n";
			showEnvVarsInLog = 0;
		};
/* End PBXShellScriptBuildPhase section */

/* Begin PBXSourcesBuildPhase section */
		76858B791ACF0BD30065D48F /* Sources */ = {
			isa = PBXSourcesBuildPhase;
			buildActionMask = 2147483647;
			files = (
				76858B851ACF0BD30065D48F /* ViewController.swift in Sources */,
				76858B831ACF0BD30065D48F /* AppDelegate.swift in Sources */,
			);
			runOnlyForDeploymentPostprocessing = 0;
		};
		76858B8E1ACF0BD30065D48F /* Sources */ = {
			isa = PBXSourcesBuildPhase;
			buildActionMask = 2147483647;
			files = (
				76858BA31ACF0C1A0065D48F /* TimeAgoInWordsSpec.swift in Sources */,
			);
			runOnlyForDeploymentPostprocessing = 0;
		};
/* End PBXSourcesBuildPhase section */

/* Begin PBXTargetDependency section */
		76858B941ACF0BD30065D48F /* PBXTargetDependency */ = {
			isa = PBXTargetDependency;
			target = 76858B7C1ACF0BD30065D48F /* Demo */;
			targetProxy = 76858B931ACF0BD30065D48F /* PBXContainerItemProxy */;
		};
/* End PBXTargetDependency section */

/* Begin PBXVariantGroup section */
		76858B861ACF0BD30065D48F /* Main.storyboard */ = {
			isa = PBXVariantGroup;
			children = (
				76858B871ACF0BD30065D48F /* Base */,
			);
			name = Main.storyboard;
			sourceTree = "<group>";
		};
		76858B8B1ACF0BD30065D48F /* LaunchScreen.xib */ = {
			isa = PBXVariantGroup;
			children = (
				76858B8C1ACF0BD30065D48F /* Base */,
			);
			name = LaunchScreen.xib;
			sourceTree = "<group>";
		};
/* End PBXVariantGroup section */

/* Begin XCBuildConfiguration section */
		76858B9A1ACF0BD30065D48F /* Debug */ = {
			isa = XCBuildConfiguration;
			buildSettings = {
				ALWAYS_SEARCH_USER_PATHS = NO;
				CLANG_CXX_LANGUAGE_STANDARD = "gnu++0x";
				CLANG_CXX_LIBRARY = "libc++";
				CLANG_ENABLE_MODULES = YES;
				CLANG_ENABLE_OBJC_ARC = YES;
				CLANG_WARN_BOOL_CONVERSION = YES;
				CLANG_WARN_CONSTANT_CONVERSION = YES;
				CLANG_WARN_DIRECT_OBJC_ISA_USAGE = YES_ERROR;
				CLANG_WARN_EMPTY_BODY = YES;
				CLANG_WARN_ENUM_CONVERSION = YES;
				CLANG_WARN_INFINITE_RECURSION = YES;
				CLANG_WARN_INT_CONVERSION = YES;
				CLANG_WARN_OBJC_ROOT_CLASS = YES_ERROR;
				CLANG_WARN_SUSPICIOUS_MOVE = YES;
				CLANG_WARN_UNREACHABLE_CODE = YES;
				CLANG_WARN__DUPLICATE_METHOD_MATCH = YES;
				"CODE_SIGN_IDENTITY[sdk=iphoneos*]" = "iPhone Developer";
				COPY_PHASE_STRIP = NO;
				DEBUG_INFORMATION_FORMAT = "dwarf-with-dsym";
				ENABLE_STRICT_OBJC_MSGSEND = YES;
				ENABLE_TESTABILITY = YES;
				GCC_C_LANGUAGE_STANDARD = gnu99;
				GCC_DYNAMIC_NO_PIC = NO;
				GCC_NO_COMMON_BLOCKS = YES;
				GCC_OPTIMIZATION_LEVEL = 0;
				GCC_PREPROCESSOR_DEFINITIONS = (
					"DEBUG=1",
					"$(inherited)",
				);
				GCC_SYMBOLS_PRIVATE_EXTERN = NO;
				GCC_WARN_64_TO_32_BIT_CONVERSION = YES;
				GCC_WARN_ABOUT_RETURN_TYPE = YES_ERROR;
				GCC_WARN_UNDECLARED_SELECTOR = YES;
				GCC_WARN_UNINITIALIZED_AUTOS = YES_AGGRESSIVE;
				GCC_WARN_UNUSED_FUNCTION = YES;
				GCC_WARN_UNUSED_VARIABLE = YES;
				IPHONEOS_DEPLOYMENT_TARGET = 8.3;
				MTL_ENABLE_DEBUG_INFO = YES;
				ONLY_ACTIVE_ARCH = YES;
				SDKROOT = iphoneos;
				SWIFT_OPTIMIZATION_LEVEL = "-Onone";
				TARGETED_DEVICE_FAMILY = "1,2";
			};
			name = Debug;
		};
		76858B9B1ACF0BD30065D48F /* Release */ = {
			isa = XCBuildConfiguration;
			buildSettings = {
				ALWAYS_SEARCH_USER_PATHS = NO;
				CLANG_CXX_LANGUAGE_STANDARD = "gnu++0x";
				CLANG_CXX_LIBRARY = "libc++";
				CLANG_ENABLE_MODULES = YES;
				CLANG_ENABLE_OBJC_ARC = YES;
				CLANG_WARN_BOOL_CONVERSION = YES;
				CLANG_WARN_CONSTANT_CONVERSION = YES;
				CLANG_WARN_DIRECT_OBJC_ISA_USAGE = YES_ERROR;
				CLANG_WARN_EMPTY_BODY = YES;
				CLANG_WARN_ENUM_CONVERSION = YES;
				CLANG_WARN_INFINITE_RECURSION = YES;
				CLANG_WARN_INT_CONVERSION = YES;
				CLANG_WARN_OBJC_ROOT_CLASS = YES_ERROR;
				CLANG_WARN_SUSPICIOUS_MOVE = YES;
				CLANG_WARN_UNREACHABLE_CODE = YES;
				CLANG_WARN__DUPLICATE_METHOD_MATCH = YES;
				"CODE_SIGN_IDENTITY[sdk=iphoneos*]" = "iPhone Developer";
				COPY_PHASE_STRIP = NO;
				DEBUG_INFORMATION_FORMAT = "dwarf-with-dsym";
				ENABLE_NS_ASSERTIONS = NO;
				ENABLE_STRICT_OBJC_MSGSEND = YES;
				GCC_C_LANGUAGE_STANDARD = gnu99;
				GCC_NO_COMMON_BLOCKS = YES;
				GCC_WARN_64_TO_32_BIT_CONVERSION = YES;
				GCC_WARN_ABOUT_RETURN_TYPE = YES_ERROR;
				GCC_WARN_UNDECLARED_SELECTOR = YES;
				GCC_WARN_UNINITIALIZED_AUTOS = YES_AGGRESSIVE;
				GCC_WARN_UNUSED_FUNCTION = YES;
				GCC_WARN_UNUSED_VARIABLE = YES;
				IPHONEOS_DEPLOYMENT_TARGET = 8.3;
				MTL_ENABLE_DEBUG_INFO = NO;
				SDKROOT = iphoneos;
				SWIFT_OPTIMIZATION_LEVEL = "-Owholemodule";
				TARGETED_DEVICE_FAMILY = "1,2";
				VALIDATE_PRODUCT = YES;
			};
			name = Release;
		};
		76858B9D1ACF0BD30065D48F /* Debug */ = {
			isa = XCBuildConfiguration;
			baseConfigurationReference = 2BFB1176C3FE60ACD0E2C917 /* Pods-Demo.debug.xcconfig */;
			buildSettings = {
				ALWAYS_EMBED_SWIFT_STANDARD_LIBRARIES = YES;
				ASSETCATALOG_COMPILER_APPICON_NAME = AppIcon;
				INFOPLIST_FILE = Demo/Info.plist;
				IPHONEOS_DEPLOYMENT_TARGET = 8.1;
				LD_RUNPATH_SEARCH_PATHS = "$(inherited) @executable_path/Frameworks";
				PRODUCT_BUNDLE_IDENTIFIER = "co.ello.$(PRODUCT_NAME:rfc1034identifier)";
				PRODUCT_NAME = "$(TARGET_NAME)";
				SWIFT_VERSION = 3.0;
			};
			name = Debug;
		};
		76858B9E1ACF0BD30065D48F /* Release */ = {
			isa = XCBuildConfiguration;
			baseConfigurationReference = CED1642154E3D66E871C050A /* Pods-Demo.release.xcconfig */;
			buildSettings = {
				ALWAYS_EMBED_SWIFT_STANDARD_LIBRARIES = YES;
				ASSETCATALOG_COMPILER_APPICON_NAME = AppIcon;
				INFOPLIST_FILE = Demo/Info.plist;
				IPHONEOS_DEPLOYMENT_TARGET = 8.1;
				LD_RUNPATH_SEARCH_PATHS = "$(inherited) @executable_path/Frameworks";
				PRODUCT_BUNDLE_IDENTIFIER = "co.ello.$(PRODUCT_NAME:rfc1034identifier)";
				PRODUCT_NAME = "$(TARGET_NAME)";
				SWIFT_VERSION = 3.0;
			};
			name = Release;
		};
		76858BA01ACF0BD30065D48F /* Debug */ = {
			isa = XCBuildConfiguration;
			baseConfigurationReference = 02326283DA460605A30A155E /* Pods-DemoTests.debug.xcconfig */;
			buildSettings = {
				ALWAYS_EMBED_SWIFT_STANDARD_LIBRARIES = YES;
				BUNDLE_LOADER = "$(TEST_HOST)";
				CLANG_ENABLE_MODULES = YES;
				FRAMEWORK_SEARCH_PATHS = (
					"$(SDKROOT)/Developer/Library/Frameworks",
					"$(inherited)",
				);
				GCC_PREPROCESSOR_DEFINITIONS = (
					"DEBUG=1",
					"$(inherited)",
				);
				INFOPLIST_FILE = DemoTests/Info.plist;
				LD_RUNPATH_SEARCH_PATHS = "$(inherited) @executable_path/Frameworks @loader_path/Frameworks";
				PRODUCT_BUNDLE_IDENTIFIER = "co.ello.$(PRODUCT_NAME:rfc1034identifier)";
				PRODUCT_NAME = "$(TARGET_NAME)";
				SWIFT_OPTIMIZATION_LEVEL = "-Onone";
				SWIFT_VERSION = 3.0;
				TEST_HOST = "$(BUILT_PRODUCTS_DIR)/Demo.app/Demo";
			};
			name = Debug;
		};
		76858BA11ACF0BD30065D48F /* Release */ = {
			isa = XCBuildConfiguration;
			baseConfigurationReference = ADA78332F26261F76F2C9B5B /* Pods-DemoTests.release.xcconfig */;
			buildSettings = {
				ALWAYS_EMBED_SWIFT_STANDARD_LIBRARIES = YES;
				BUNDLE_LOADER = "$(TEST_HOST)";
				CLANG_ENABLE_MODULES = YES;
				FRAMEWORK_SEARCH_PATHS = (
					"$(SDKROOT)/Developer/Library/Frameworks",
					"$(inherited)",
				);
				INFOPLIST_FILE = DemoTests/Info.plist;
				LD_RUNPATH_SEARCH_PATHS = "$(inherited) @executable_path/Frameworks @loader_path/Frameworks";
				PRODUCT_BUNDLE_IDENTIFIER = "co.ello.$(PRODUCT_NAME:rfc1034identifier)";
				PRODUCT_NAME = "$(TARGET_NAME)";
				SWIFT_VERSION = 3.0;
				TEST_HOST = "$(BUILT_PRODUCTS_DIR)/Demo.app/Demo";
			};
			name = Release;
		};
/* End XCBuildConfiguration section */

/* Begin XCConfigurationList section */
		76858B781ACF0BD30065D48F /* Build configuration list for PBXProject "Demo" */ = {
			isa = XCConfigurationList;
			buildConfigurations = (
				76858B9A1ACF0BD30065D48F /* Debug */,
				76858B9B1ACF0BD30065D48F /* Release */,
			);
			defaultConfigurationIsVisible = 0;
			defaultConfigurationName = Release;
		};
		76858B9C1ACF0BD30065D48F /* Build configuration list for PBXNativeTarget "Demo" */ = {
			isa = XCConfigurationList;
			buildConfigurations = (
				76858B9D1ACF0BD30065D48F /* Debug */,
				76858B9E1ACF0BD30065D48F /* Release */,
			);
			defaultConfigurationIsVisible = 0;
			defaultConfigurationName = Release;
		};
		76858B9F1ACF0BD30065D48F /* Build configuration list for PBXNativeTarget "DemoTests" */ = {
			isa = XCConfigurationList;
			buildConfigurations = (
				76858BA01ACF0BD30065D48F /* Debug */,
				76858BA11ACF0BD30065D48F /* Release */,
			);
			defaultConfigurationIsVisible = 0;
			defaultConfigurationName = Release;
		};
/* End XCConfigurationList section */
	};
	rootObject = 76858B751ACF0BD30065D48F /* Project object */;
}
