PODS:
  - TimeAgoInWords (2.0.1)

DEPENDENCIES:
  - TimeAgoInWords (from `../TimeAgoInWords.podspec`)

EXTERNAL SOURCES:
  TimeAgoInWords:
    :path: "../TimeAgoInWords.podspec"

SPEC CHECKSUMS:
  TimeAgoInWords: 10f520fe4f41d0e7ae6c550bb394f9b9074b1140

PODFILE CHECKSUM: 3b5f9f3a3489d79447afaba7f3c35188be54ae5c

COCOAPODS: 1.0.0.beta.4
